
Microsoft Visual Studio Solution File, Format Version 12.00
# Visual Studio Version 17
VisualStudioVersion = 17.7.34202.233
MinimumVisualStudioVersion = 10.0.40219.1
Project("{9A19103F-16F7-4668-BE54-9A1E7A4F7556}") = "CW_1", "CW_1\CW_1.csproj", "{E2BE8754-47C1-435D-9923-A8F241EBF1AD}"
EndProject
Project("{FAE04EC0-301F-11D3-BF4B-00C04F79EFBC}") = "UniTest", "UniTest\UniTest.csproj", "{81CE7184-3FF1-4099-99FB-2D2A7BEB5326}"
EndProject
Global
	GlobalSection(SolutionConfigurationPlatforms) = preSolution
		Debug|Any CPU = Debug|Any CPU
		Release|Any CPU = Release|Any CPU
	EndGlobalSection
	GlobalSection(ProjectConfigurationPlatforms) = postSolution
		{E2BE8754-47C1-435D-9923-A8F241EBF1AD}.Debug|Any CPU.ActiveCfg = Debug|Any CPU
		{E2BE8754-47C1-435D-9923-A8F241EBF1AD}.Debug|Any CPU.Build.0 = Debug|Any CPU
		{E2BE8754-47C1-435D-9923-A8F241EBF1AD}.Release|Any CPU.ActiveCfg = Release|Any CPU
		{E2BE8754-47C1-435D-9923-A8F241EBF1AD}.Release|Any CPU.Build.0 = Release|Any CPU
		{81CE7184-3FF1-4099-99FB-2D2A7BEB5326}.Debug|Any CPU.ActiveCfg = Debug|Any CPU
		{81CE7184-3FF1-4099-99FB-2D2A7BEB5326}.Debug|Any CPU.Build.0 = Debug|Any CPU
		{81CE7184-3FF1-4099-99FB-2D2A7BEB5326}.Release|Any CPU.ActiveCfg = Release|Any CPU
		{81CE7184-3FF1-4099-99FB-2D2A7BEB5326}.Release|Any CPU.Build.0 = Release|Any CPU
	EndGlobalSection
	GlobalSection(SolutionProperties) = preSolution
		HideSolutionNode = FALSE
	EndGlobalSection
	GlobalSection(ExtensibilityGlobals) = postSolution
		SolutionGuid = {B49486F5-B041-4D91-A910-A9F66072996D}
	EndGlobalSection
EndGlobal
